
Microsoft Visual Studio Solution File, Format Version 12.00
# Visual Studio Version 16
VisualStudioVersion = 16.0.31702.278
MinimumVisualStudioVersion = 10.0.40219.1
Project("{2150E333-8FDC-42A3-9474-1A3956D46DE8}") = "src", "src", "{EA9379A6-0915-49FF-9AD2-41439D775763}"
EndProject
Project("{9A19103F-16F7-4668-BE54-9A1E7A4F7556}") = "MRG.OFDYarus.Api", "src\MRG.OFDYarus.Api\MRG.OFDYarus.Api.csproj", "{357CADD5-43E5-49B7-ACC8-5EDFAD60B5D8}"
EndProject
Project("{9A19103F-16F7-4668-BE54-9A1E7A4F7556}") = "MRG.OFDYarus.Application", "src\MRG.OFDYarus.Application\MRG.OFDYarus.Application.csproj", "{2FF2BBD6-876E-458F-B7E4-2AE1B58C35CA}"
EndProject
Global
	GlobalSection(SolutionConfigurationPlatforms) = preSolution
		Debug|Any CPU = Debug|Any CPU
		Release|Any CPU = Release|Any CPU
	EndGlobalSection
	GlobalSection(ProjectConfigurationPlatforms) = postSolution
		{357CADD5-43E5-49B7-ACC8-5EDFAD60B5D8}.Debug|Any CPU.ActiveCfg = Debug|Any CPU
		{357CADD5-43E5-49B7-ACC8-5EDFAD60B5D8}.Debug|Any CPU.Build.0 = Debug|Any CPU
		{357CADD5-43E5-49B7-ACC8-5EDFAD60B5D8}.Release|Any CPU.ActiveCfg = Release|Any CPU
		{357CADD5-43E5-49B7-ACC8-5EDFAD60B5D8}.Release|Any CPU.Build.0 = Release|Any CPU
		{2FF2BBD6-876E-458F-B7E4-2AE1B58C35CA}.Debug|Any CPU.ActiveCfg = Debug|Any CPU
		{2FF2BBD6-876E-458F-B7E4-2AE1B58C35CA}.Debug|Any CPU.Build.0 = Debug|Any CPU
		{2FF2BBD6-876E-458F-B7E4-2AE1B58C35CA}.Release|Any CPU.ActiveCfg = Release|Any CPU
		{2FF2BBD6-876E-458F-B7E4-2AE1B58C35CA}.Release|Any CPU.Build.0 = Release|Any CPU
	EndGlobalSection
	GlobalSection(SolutionProperties) = preSolution
		HideSolutionNode = FALSE
	EndGlobalSection
	GlobalSection(NestedProjects) = preSolution
		{357CADD5-43E5-49B7-ACC8-5EDFAD60B5D8} = {EA9379A6-0915-49FF-9AD2-41439D775763}
		{2FF2BBD6-876E-458F-B7E4-2AE1B58C35CA} = {EA9379A6-0915-49FF-9AD2-41439D775763}
	EndGlobalSection
	GlobalSection(ExtensibilityGlobals) = postSolution
		SolutionGuid = {09304DC6-E5B8-4989-8256-FB29FB2E687D}
	EndGlobalSection
EndGlobal
